
Microsoft Visual Studio Solution File, Format Version 12.00
# Visual Studio Version 17
VisualStudioVersion = 17.6.33815.320
MinimumVisualStudioVersion = 10.0.40219.1
Project("{FAE04EC0-301F-11D3-BF4B-00C04F79EFBC}") = "Pilas y colas", "Pilas y colas\Pilas y colas.csproj", "{0313AB22-94A9-448D-8A59-9D542338D59A}"
EndProject
Project("{FAE04EC0-301F-11D3-BF4B-00C04F79EFBC}") = "Logica", "Logica\Logica.csproj", "{45A0C115-6ED2-4125-A9F0-4B40E7E4D3D7}"
EndProject
Global
	GlobalSection(SolutionConfigurationPlatforms) = preSolution
		Debug|Any CPU = Debug|Any CPU
		Release|Any CPU = Release|Any CPU
	EndGlobalSection
	GlobalSection(ProjectConfigurationPlatforms) = postSolution
		{0313AB22-94A9-448D-8A59-9D542338D59A}.Debug|Any CPU.ActiveCfg = Debug|Any CPU
		{0313AB22-94A9-448D-8A59-9D542338D59A}.Debug|Any CPU.Build.0 = Debug|Any CPU
		{0313AB22-94A9-448D-8A59-9D542338D59A}.Release|Any CPU.ActiveCfg = Release|Any CPU
		{0313AB22-94A9-448D-8A59-9D542338D59A}.Release|Any CPU.Build.0 = Release|Any CPU
		{45A0C115-6ED2-4125-A9F0-4B40E7E4D3D7}.Debug|Any CPU.ActiveCfg = Debug|Any CPU
		{45A0C115-6ED2-4125-A9F0-4B40E7E4D3D7}.Debug|Any CPU.Build.0 = Debug|Any CPU
		{45A0C115-6ED2-4125-A9F0-4B40E7E4D3D7}.Release|Any CPU.ActiveCfg = Release|Any CPU
		{45A0C115-6ED2-4125-A9F0-4B40E7E4D3D7}.Release|Any CPU.Build.0 = Release|Any CPU
	EndGlobalSection
	GlobalSection(SolutionProperties) = preSolution
		HideSolutionNode = FALSE
	EndGlobalSection
	GlobalSection(ExtensibilityGlobals) = postSolution
		SolutionGuid = {F74A11E4-0DEF-48E8-855B-64079DF858FD}
	EndGlobalSection
EndGlobal
